
Microsoft Visual Studio Solution File, Format Version 12.00
# Visual Studio Version 17
VisualStudioVersion = 17.7.34009.444
MinimumVisualStudioVersion = 10.0.40219.1
Project("{9A19103F-16F7-4668-BE54-9A1E7A4F7556}") = "Ders5-IntVeriTipi", "Ders5-IntVeriTipi\Ders5-IntVeriTipi.csproj", "{269AE711-8359-4B0C-B995-1D0843ABB9AA}"
EndProject
Project("{9A19103F-16F7-4668-BE54-9A1E7A4F7556}") = "Ders6Long", "Ders6Long\Ders6Long.csproj", "{79352E36-EB47-45A8-B175-570C35714EC3}"
EndProject
Project("{9A19103F-16F7-4668-BE54-9A1E7A4F7556}") = "Ders9Bool", "Ders9Bool\Ders9Bool.csproj", "{856A341A-80F1-4F40-B7F4-92AE62F8B30C}"
EndProject
Project("{9A19103F-16F7-4668-BE54-9A1E7A4F7556}") = "Ders13Enum", "Ders13Enum\Ders13Enum.csproj", "{31325B98-25E5-4BE1-9B6F-CE72C0302287}"
EndProject
Project("{9A19103F-16F7-4668-BE54-9A1E7A4F7556}") = "Ders14Var", "Ders14Var\Ders14Var.csproj", "{4F394962-7B72-4D9C-8777-05BFA856F776}"
EndProject
Project("{FAE04EC0-301F-11D3-BF4B-00C04F79EFBC}") = "Ders15IfBloklari", "Ders15IfBloklari\Ders15IfBloklari.csproj", "{77491743-3062-4C25-B121-AC55F4E34D38}"
EndProject
Project("{FAE04EC0-301F-11D3-BF4B-00C04F79EFBC}") = "Ders18Switch", "Ders18Switch\Ders18Switch.csproj", "{170E17FF-6546-4697-99EA-0C788C2516A4}"
EndProject
Project("{FAE04EC0-301F-11D3-BF4B-00C04F79EFBC}") = "Ders19Demo", "Ders19Demo\Ders19Demo.csproj", "{121CB258-DE97-414A-A505-DA3ECB12BEAE}"
EndProject
Project("{FAE04EC0-301F-11D3-BF4B-00C04F79EFBC}") = "Ders21Metot", "Ders21Metot\Ders21Metot.csproj", "{9163D651-65EE-4EFE-B41E-3BBD178F2039}"
EndProject
Project("{FAE04EC0-301F-11D3-BF4B-00C04F79EFBC}") = "Ders24Refkeyword", "Ders24Refkeyword\Ders24Refkeyword.csproj", "{CB4423B4-1ABE-47F9-B79F-F94002E49BA3}"
EndProject
Global
	GlobalSection(SolutionConfigurationPlatforms) = preSolution
		Debug|Any CPU = Debug|Any CPU
		Release|Any CPU = Release|Any CPU
	EndGlobalSection
	GlobalSection(ProjectConfigurationPlatforms) = postSolution
		{269AE711-8359-4B0C-B995-1D0843ABB9AA}.Debug|Any CPU.ActiveCfg = Debug|Any CPU
		{269AE711-8359-4B0C-B995-1D0843ABB9AA}.Debug|Any CPU.Build.0 = Debug|Any CPU
		{269AE711-8359-4B0C-B995-1D0843ABB9AA}.Release|Any CPU.ActiveCfg = Release|Any CPU
		{269AE711-8359-4B0C-B995-1D0843ABB9AA}.Release|Any CPU.Build.0 = Release|Any CPU
		{79352E36-EB47-45A8-B175-570C35714EC3}.Debug|Any CPU.ActiveCfg = Debug|Any CPU
		{79352E36-EB47-45A8-B175-570C35714EC3}.Debug|Any CPU.Build.0 = Debug|Any CPU
		{79352E36-EB47-45A8-B175-570C35714EC3}.Release|Any CPU.ActiveCfg = Release|Any CPU
		{79352E36-EB47-45A8-B175-570C35714EC3}.Release|Any CPU.Build.0 = Release|Any CPU
		{856A341A-80F1-4F40-B7F4-92AE62F8B30C}.Debug|Any CPU.ActiveCfg = Debug|Any CPU
		{856A341A-80F1-4F40-B7F4-92AE62F8B30C}.Debug|Any CPU.Build.0 = Debug|Any CPU
		{856A341A-80F1-4F40-B7F4-92AE62F8B30C}.Release|Any CPU.ActiveCfg = Release|Any CPU
		{856A341A-80F1-4F40-B7F4-92AE62F8B30C}.Release|Any CPU.Build.0 = Release|Any CPU
		{31325B98-25E5-4BE1-9B6F-CE72C0302287}.Debug|Any CPU.ActiveCfg = Debug|Any CPU
		{31325B98-25E5-4BE1-9B6F-CE72C0302287}.Debug|Any CPU.Build.0 = Debug|Any CPU
		{31325B98-25E5-4BE1-9B6F-CE72C0302287}.Release|Any CPU.ActiveCfg = Release|Any CPU
		{31325B98-25E5-4BE1-9B6F-CE72C0302287}.Release|Any CPU.Build.0 = Release|Any CPU
		{4F394962-7B72-4D9C-8777-05BFA856F776}.Debug|Any CPU.ActiveCfg = Debug|Any CPU
		{4F394962-7B72-4D9C-8777-05BFA856F776}.Debug|Any CPU.Build.0 = Debug|Any CPU
		{4F394962-7B72-4D9C-8777-05BFA856F776}.Release|Any CPU.ActiveCfg = Release|Any CPU
		{4F394962-7B72-4D9C-8777-05BFA856F776}.Release|Any CPU.Build.0 = Release|Any CPU
		{77491743-3062-4C25-B121-AC55F4E34D38}.Debug|Any CPU.ActiveCfg = Debug|Any CPU
		{77491743-3062-4C25-B121-AC55F4E34D38}.Debug|Any CPU.Build.0 = Debug|Any CPU
		{77491743-3062-4C25-B121-AC55F4E34D38}.Release|Any CPU.ActiveCfg = Release|Any CPU
		{77491743-3062-4C25-B121-AC55F4E34D38}.Release|Any CPU.Build.0 = Release|Any CPU
		{170E17FF-6546-4697-99EA-0C788C2516A4}.Debug|Any CPU.ActiveCfg = Debug|Any CPU
		{170E17FF-6546-4697-99EA-0C788C2516A4}.Debug|Any CPU.Build.0 = Debug|Any CPU
		{170E17FF-6546-4697-99EA-0C788C2516A4}.Release|Any CPU.ActiveCfg = Release|Any CPU
		{170E17FF-6546-4697-99EA-0C788C2516A4}.Release|Any CPU.Build.0 = Release|Any CPU
		{121CB258-DE97-414A-A505-DA3ECB12BEAE}.Debug|Any CPU.ActiveCfg = Debug|Any CPU
		{121CB258-DE97-414A-A505-DA3ECB12BEAE}.Debug|Any CPU.Build.0 = Debug|Any CPU
		{121CB258-DE97-414A-A505-DA3ECB12BEAE}.Release|Any CPU.ActiveCfg = Release|Any CPU
		{121CB258-DE97-414A-A505-DA3ECB12BEAE}.Release|Any CPU.Build.0 = Release|Any CPU
		{9163D651-65EE-4EFE-B41E-3BBD178F2039}.Debug|Any CPU.ActiveCfg = Debug|Any CPU
		{9163D651-65EE-4EFE-B41E-3BBD178F2039}.Debug|Any CPU.Build.0 = Debug|Any CPU
		{9163D651-65EE-4EFE-B41E-3BBD178F2039}.Release|Any CPU.ActiveCfg = Release|Any CPU
		{9163D651-65EE-4EFE-B41E-3BBD178F2039}.Release|Any CPU.Build.0 = Release|Any CPU
		{CB4423B4-1ABE-47F9-B79F-F94002E49BA3}.Debug|Any CPU.ActiveCfg = Debug|Any CPU
		{CB4423B4-1ABE-47F9-B79F-F94002E49BA3}.Debug|Any CPU.Build.0 = Debug|Any CPU
		{CB4423B4-1ABE-47F9-B79F-F94002E49BA3}.Release|Any CPU.ActiveCfg = Release|Any CPU
		{CB4423B4-1ABE-47F9-B79F-F94002E49BA3}.Release|Any CPU.Build.0 = Release|Any CPU
	EndGlobalSection
	GlobalSection(SolutionProperties) = preSolution
		HideSolutionNode = FALSE
	EndGlobalSection
	GlobalSection(ExtensibilityGlobals) = postSolution
		SolutionGuid = {6F4951FA-C8F4-4486-97BA-9587BA971CBF}
	EndGlobalSection
EndGlobal
