
Microsoft Visual Studio Solution File, Format Version 12.00
# Visual Studio Version 17
VisualStudioVersion = 17.7.34009.444
MinimumVisualStudioVersion = 10.0.40219.1
Project("{9A19103F-16F7-4668-BE54-9A1E7A4F7556}") = "Ders5-IntVeriTipi", "Ders5-IntVeriTipi\Ders5-IntVeriTipi.csproj", "{269AE711-8359-4B0C-B995-1D0843ABB9AA}"
EndProject
Project("{9A19103F-16F7-4668-BE54-9A1E7A4F7556}") = "Ders6Long", "Ders6Long\Ders6Long.csproj", "{79352E36-EB47-45A8-B175-570C35714EC3}"
EndProject
Project("{9A19103F-16F7-4668-BE54-9A1E7A4F7556}") = "Ders9Bool", "Ders9Bool\Ders9Bool.csproj", "{856A341A-80F1-4F40-B7F4-92AE62F8B30C}"
EndProject
Project("{9A19103F-16F7-4668-BE54-9A1E7A4F7556}") = "Ders13Enum", "Ders13Enum\Ders13Enum.csproj", "{31325B98-25E5-4BE1-9B6F-CE72C0302287}"
EndProject
Project("{9A19103F-16F7-4668-BE54-9A1E7A4F7556}") = "Ders14Var", "Ders14Var\Ders14Var.csproj", "{4F394962-7B72-4D9C-8777-05BFA856F776}"
EndProject
Project("{9A19103F-16F7-4668-BE54-9A1E7A4F7556}") = "Ders15IfBloklari", "Ders15IfBloklari\Ders15IfBloklari.csproj", "{77491743-3062-4C25-B121-AC55F4E34D38}"
EndProject
Project("{9A19103F-16F7-4668-BE54-9A1E7A4F7556}") = "Ders18Switch", "Ders18Switch\Ders18Switch.csproj", "{170E17FF-6546-4697-99EA-0C788C2516A4}"
EndProject
Project("{9A19103F-16F7-4668-BE54-9A1E7A4F7556}") = "Ders19Demo", "Ders19Demo\Ders19Demo.csproj", "{121CB258-DE97-414A-A505-DA3ECB12BEAE}"
EndProject
Project("{9A19103F-16F7-4668-BE54-9A1E7A4F7556}") = "Ders21Metot", "Ders21Metot\Ders21Metot.csproj", "{9163D651-65EE-4EFE-B41E-3BBD178F2039}"
EndProject
Project("{9A19103F-16F7-4668-BE54-9A1E7A4F7556}") = "Ders24Refkeyword", "Ders24Refkeyword\Ders24Refkeyword.csproj", "{CB4423B4-1ABE-47F9-B79F-F94002E49BA3}"
EndProject
Project("{9A19103F-16F7-4668-BE54-9A1E7A4F7556}") = "Ders25Out", "Ders25Out\Ders25Out.csproj", "{C8377975-A578-475B-89B5-BA8579F14B6D}"
EndProject
Project("{9A19103F-16F7-4668-BE54-9A1E7A4F7556}") = "Ders26MethodOverloading", "Ders26MethodOverloading\Ders26MethodOverloading.csproj", "{D9CB5913-DE74-45CA-8D45-FCAA6D300E61}"
EndProject
Project("{9A19103F-16F7-4668-BE54-9A1E7A4F7556}") = "Ders28Arrays", "Ders28Arrays\Ders28Arrays.csproj", "{F6991E2B-C6FB-42F6-9A5F-B70B3D3A1249}"
EndProject
Project("{9A19103F-16F7-4668-BE54-9A1E7A4F7556}") = "Ders29CokBoyutluDiziler", "Ders29CokBoyutluDiziler\Ders29CokBoyutluDiziler.csproj", "{EBB60451-5243-472F-8740-E11E5CCE6B42}"
EndProject
Project("{9A19103F-16F7-4668-BE54-9A1E7A4F7556}") = "Ders30ForDongusu", "Ders30ForDongusu\Ders30ForDongusu.csproj", "{12363908-E2B6-4AF7-988C-6DD8F639921E}"
EndProject
Project("{9A19103F-16F7-4668-BE54-9A1E7A4F7556}") = "Ders34AsalSayi", "Ders34AsalSayi\Ders34AsalSayi.csproj", "{227FB593-880B-42A5-B198-11CE1D320E45}"
EndProject
Project("{9A19103F-16F7-4668-BE54-9A1E7A4F7556}") = "Ders35String", "Ders35String\Ders35String.csproj", "{BD51CED6-FEC7-4588-A283-F8200556CE19}"
EndProject
Project("{2150E333-8FDC-42A3-9474-1A3956D46DE8}") = "Odev2", "Odev2", "{2185615A-FD2E-4CB0-8583-B46E2D77A947}"
EndProject
Project("{9A19103F-16F7-4668-BE54-9A1E7A4F7556}") = "Ders37Class", "Ders37Class\Ders37Class.csproj", "{6511D8E3-6C8F-4075-93F4-625491E8715E}"
EndProject
Project("{9A19103F-16F7-4668-BE54-9A1E7A4F7556}") = "Ders38Encapsulation", "Ders38Encapsulation\Ders38Encapsulation.csproj", "{A6280C1C-1594-445F-92AC-2F7EB277486D}"
EndProject
Project("{FAE04EC0-301F-11D3-BF4B-00C04F79EFBC}") = "Ders40RecapDemo", "Ders40RecapDemo\Ders40RecapDemo.csproj", "{8DC0D7D0-6DE8-4089-8653-67594F4A7159}"
EndProject
Global
	GlobalSection(SolutionConfigurationPlatforms) = preSolution
		Debug|Any CPU = Debug|Any CPU
		Release|Any CPU = Release|Any CPU
	EndGlobalSection
	GlobalSection(ProjectConfigurationPlatforms) = postSolution
		{269AE711-8359-4B0C-B995-1D0843ABB9AA}.Debug|Any CPU.ActiveCfg = Debug|Any CPU
		{269AE711-8359-4B0C-B995-1D0843ABB9AA}.Debug|Any CPU.Build.0 = Debug|Any CPU
		{269AE711-8359-4B0C-B995-1D0843ABB9AA}.Release|Any CPU.ActiveCfg = Release|Any CPU
		{269AE711-8359-4B0C-B995-1D0843ABB9AA}.Release|Any CPU.Build.0 = Release|Any CPU
		{79352E36-EB47-45A8-B175-570C35714EC3}.Debug|Any CPU.ActiveCfg = Debug|Any CPU
		{79352E36-EB47-45A8-B175-570C35714EC3}.Debug|Any CPU.Build.0 = Debug|Any CPU
		{79352E36-EB47-45A8-B175-570C35714EC3}.Release|Any CPU.ActiveCfg = Release|Any CPU
		{79352E36-EB47-45A8-B175-570C35714EC3}.Release|Any CPU.Build.0 = Release|Any CPU
		{856A341A-80F1-4F40-B7F4-92AE62F8B30C}.Debug|Any CPU.ActiveCfg = Debug|Any CPU
		{856A341A-80F1-4F40-B7F4-92AE62F8B30C}.Debug|Any CPU.Build.0 = Debug|Any CPU
		{856A341A-80F1-4F40-B7F4-92AE62F8B30C}.Release|Any CPU.ActiveCfg = Release|Any CPU
		{856A341A-80F1-4F40-B7F4-92AE62F8B30C}.Release|Any CPU.Build.0 = Release|Any CPU
		{31325B98-25E5-4BE1-9B6F-CE72C0302287}.Debug|Any CPU.ActiveCfg = Debug|Any CPU
		{31325B98-25E5-4BE1-9B6F-CE72C0302287}.Debug|Any CPU.Build.0 = Debug|Any CPU
		{31325B98-25E5-4BE1-9B6F-CE72C0302287}.Release|Any CPU.ActiveCfg = Release|Any CPU
		{31325B98-25E5-4BE1-9B6F-CE72C0302287}.Release|Any CPU.Build.0 = Release|Any CPU
		{4F394962-7B72-4D9C-8777-05BFA856F776}.Debug|Any CPU.ActiveCfg = Debug|Any CPU
		{4F394962-7B72-4D9C-8777-05BFA856F776}.Debug|Any CPU.Build.0 = Debug|Any CPU
		{4F394962-7B72-4D9C-8777-05BFA856F776}.Release|Any CPU.ActiveCfg = Release|Any CPU
		{4F394962-7B72-4D9C-8777-05BFA856F776}.Release|Any CPU.Build.0 = Release|Any CPU
		{77491743-3062-4C25-B121-AC55F4E34D38}.Debug|Any CPU.ActiveCfg = Debug|Any CPU
		{77491743-3062-4C25-B121-AC55F4E34D38}.Debug|Any CPU.Build.0 = Debug|Any CPU
		{77491743-3062-4C25-B121-AC55F4E34D38}.Release|Any CPU.ActiveCfg = Release|Any CPU
		{77491743-3062-4C25-B121-AC55F4E34D38}.Release|Any CPU.Build.0 = Release|Any CPU
		{170E17FF-6546-4697-99EA-0C788C2516A4}.Debug|Any CPU.ActiveCfg = Debug|Any CPU
		{170E17FF-6546-4697-99EA-0C788C2516A4}.Debug|Any CPU.Build.0 = Debug|Any CPU
		{170E17FF-6546-4697-99EA-0C788C2516A4}.Release|Any CPU.ActiveCfg = Release|Any CPU
		{170E17FF-6546-4697-99EA-0C788C2516A4}.Release|Any CPU.Build.0 = Release|Any CPU
		{121CB258-DE97-414A-A505-DA3ECB12BEAE}.Debug|Any CPU.ActiveCfg = Debug|Any CPU
		{121CB258-DE97-414A-A505-DA3ECB12BEAE}.Debug|Any CPU.Build.0 = Debug|Any CPU
		{121CB258-DE97-414A-A505-DA3ECB12BEAE}.Release|Any CPU.ActiveCfg = Release|Any CPU
		{121CB258-DE97-414A-A505-DA3ECB12BEAE}.Release|Any CPU.Build.0 = Release|Any CPU
		{9163D651-65EE-4EFE-B41E-3BBD178F2039}.Debug|Any CPU.ActiveCfg = Debug|Any CPU
		{9163D651-65EE-4EFE-B41E-3BBD178F2039}.Debug|Any CPU.Build.0 = Debug|Any CPU
		{9163D651-65EE-4EFE-B41E-3BBD178F2039}.Release|Any CPU.ActiveCfg = Release|Any CPU
		{9163D651-65EE-4EFE-B41E-3BBD178F2039}.Release|Any CPU.Build.0 = Release|Any CPU
		{CB4423B4-1ABE-47F9-B79F-F94002E49BA3}.Debug|Any CPU.ActiveCfg = Debug|Any CPU
		{CB4423B4-1ABE-47F9-B79F-F94002E49BA3}.Debug|Any CPU.Build.0 = Debug|Any CPU
		{CB4423B4-1ABE-47F9-B79F-F94002E49BA3}.Release|Any CPU.ActiveCfg = Release|Any CPU
		{CB4423B4-1ABE-47F9-B79F-F94002E49BA3}.Release|Any CPU.Build.0 = Release|Any CPU
		{C8377975-A578-475B-89B5-BA8579F14B6D}.Debug|Any CPU.ActiveCfg = Debug|Any CPU
		{C8377975-A578-475B-89B5-BA8579F14B6D}.Debug|Any CPU.Build.0 = Debug|Any CPU
		{C8377975-A578-475B-89B5-BA8579F14B6D}.Release|Any CPU.ActiveCfg = Release|Any CPU
		{C8377975-A578-475B-89B5-BA8579F14B6D}.Release|Any CPU.Build.0 = Release|Any CPU
		{D9CB5913-DE74-45CA-8D45-FCAA6D300E61}.Debug|Any CPU.ActiveCfg = Debug|Any CPU
		{D9CB5913-DE74-45CA-8D45-FCAA6D300E61}.Debug|Any CPU.Build.0 = Debug|Any CPU
		{D9CB5913-DE74-45CA-8D45-FCAA6D300E61}.Release|Any CPU.ActiveCfg = Release|Any CPU
		{D9CB5913-DE74-45CA-8D45-FCAA6D300E61}.Release|Any CPU.Build.0 = Release|Any CPU
		{F6991E2B-C6FB-42F6-9A5F-B70B3D3A1249}.Debug|Any CPU.ActiveCfg = Debug|Any CPU
		{F6991E2B-C6FB-42F6-9A5F-B70B3D3A1249}.Debug|Any CPU.Build.0 = Debug|Any CPU
		{F6991E2B-C6FB-42F6-9A5F-B70B3D3A1249}.Release|Any CPU.ActiveCfg = Release|Any CPU
		{F6991E2B-C6FB-42F6-9A5F-B70B3D3A1249}.Release|Any CPU.Build.0 = Release|Any CPU
		{EBB60451-5243-472F-8740-E11E5CCE6B42}.Debug|Any CPU.ActiveCfg = Debug|Any CPU
		{EBB60451-5243-472F-8740-E11E5CCE6B42}.Debug|Any CPU.Build.0 = Debug|Any CPU
		{EBB60451-5243-472F-8740-E11E5CCE6B42}.Release|Any CPU.ActiveCfg = Release|Any CPU
		{EBB60451-5243-472F-8740-E11E5CCE6B42}.Release|Any CPU.Build.0 = Release|Any CPU
		{12363908-E2B6-4AF7-988C-6DD8F639921E}.Debug|Any CPU.ActiveCfg = Debug|Any CPU
		{12363908-E2B6-4AF7-988C-6DD8F639921E}.Debug|Any CPU.Build.0 = Debug|Any CPU
		{12363908-E2B6-4AF7-988C-6DD8F639921E}.Release|Any CPU.ActiveCfg = Release|Any CPU
		{12363908-E2B6-4AF7-988C-6DD8F639921E}.Release|Any CPU.Build.0 = Release|Any CPU
		{227FB593-880B-42A5-B198-11CE1D320E45}.Debug|Any CPU.ActiveCfg = Debug|Any CPU
		{227FB593-880B-42A5-B198-11CE1D320E45}.Debug|Any CPU.Build.0 = Debug|Any CPU
		{227FB593-880B-42A5-B198-11CE1D320E45}.Release|Any CPU.ActiveCfg = Release|Any CPU
		{227FB593-880B-42A5-B198-11CE1D320E45}.Release|Any CPU.Build.0 = Release|Any CPU
		{BD51CED6-FEC7-4588-A283-F8200556CE19}.Debug|Any CPU.ActiveCfg = Debug|Any CPU
		{BD51CED6-FEC7-4588-A283-F8200556CE19}.Debug|Any CPU.Build.0 = Debug|Any CPU
		{BD51CED6-FEC7-4588-A283-F8200556CE19}.Release|Any CPU.ActiveCfg = Release|Any CPU
		{BD51CED6-FEC7-4588-A283-F8200556CE19}.Release|Any CPU.Build.0 = Release|Any CPU
		{6511D8E3-6C8F-4075-93F4-625491E8715E}.Debug|Any CPU.ActiveCfg = Debug|Any CPU
		{6511D8E3-6C8F-4075-93F4-625491E8715E}.Debug|Any CPU.Build.0 = Debug|Any CPU
		{6511D8E3-6C8F-4075-93F4-625491E8715E}.Release|Any CPU.ActiveCfg = Release|Any CPU
		{6511D8E3-6C8F-4075-93F4-625491E8715E}.Release|Any CPU.Build.0 = Release|Any CPU
		{A6280C1C-1594-445F-92AC-2F7EB277486D}.Debug|Any CPU.ActiveCfg = Debug|Any CPU
		{A6280C1C-1594-445F-92AC-2F7EB277486D}.Debug|Any CPU.Build.0 = Debug|Any CPU
		{A6280C1C-1594-445F-92AC-2F7EB277486D}.Release|Any CPU.ActiveCfg = Release|Any CPU
		{A6280C1C-1594-445F-92AC-2F7EB277486D}.Release|Any CPU.Build.0 = Release|Any CPU
		{8DC0D7D0-6DE8-4089-8653-67594F4A7159}.Debug|Any CPU.ActiveCfg = Debug|Any CPU
		{8DC0D7D0-6DE8-4089-8653-67594F4A7159}.Debug|Any CPU.Build.0 = Debug|Any CPU
		{8DC0D7D0-6DE8-4089-8653-67594F4A7159}.Release|Any CPU.ActiveCfg = Release|Any CPU
		{8DC0D7D0-6DE8-4089-8653-67594F4A7159}.Release|Any CPU.Build.0 = Release|Any CPU
	EndGlobalSection
	GlobalSection(SolutionProperties) = preSolution
		HideSolutionNode = FALSE
	EndGlobalSection
	GlobalSection(NestedProjects) = preSolution
		{6511D8E3-6C8F-4075-93F4-625491E8715E} = {2185615A-FD2E-4CB0-8583-B46E2D77A947}
		{A6280C1C-1594-445F-92AC-2F7EB277486D} = {2185615A-FD2E-4CB0-8583-B46E2D77A947}
		{8DC0D7D0-6DE8-4089-8653-67594F4A7159} = {2185615A-FD2E-4CB0-8583-B46E2D77A947}
	EndGlobalSection
	GlobalSection(ExtensibilityGlobals) = postSolution
		SolutionGuid = {6F4951FA-C8F4-4486-97BA-9587BA971CBF}
	EndGlobalSection
EndGlobal
